<?xml version="1.0" encoding="utf-8"?>
<Project ToolsVersion="4.0" xmlns="http://schemas.microsoft.com/developer/msbuild/2003">
  <ItemGroup>
    <Filter Include="소스 파일">
      <UniqueIdentifier>{4FC737F1-C7A5-4376-A066-2A32D752A2FF}</UniqueIdentifier>
      <Extensions>cpp;c;cc;cxx;c++;cppm;ixx;def;odl;idl;hpj;bat;asm;asmx</Extensions>
    </Filter>
    <Filter Include="헤더 파일">
      <UniqueIdentifier>{93995380-89BD-4b04-88EB-625FBE52EBFB}</UniqueIdentifier>
      <Extensions>h;hh;hpp;hxx;h++;hm;inl;inc;ipp;xsd</Extensions>
    </Filter>
    <Filter Include="소스 파일\코딩테스트 입문">
      <UniqueIdentifier>{9b838d3f-fe14-42ea-94ae-9eec59a73646}</UniqueIdentifier>
    </Filter>
    <Filter Include="소스 파일\코딩테스트 기초">
      <UniqueIdentifier>{e58c1ab7-a7b4-4433-924d-133fc757400c}</UniqueIdentifier>
    </Filter>
    <Filter Include="소스 파일\리소스 파일">
      <UniqueIdentifier>{67DA6AB6-F800-4c08-8B7A-83BB121AAD01}</UniqueIdentifier>
      <Extensions>rc;ico;cur;bmp;dlg;rc2;rct;bin;rgs;gif;jpg;jpeg;jpe;resx;tiff;tif;png;wav;mfcribbon-ms</Extensions>
    </Filter>
    <Filter Include="소스 파일\코딩테스트 기초\C lang">
      <UniqueIdentifier>{8980ff0e-fc56-45ae-9088-1445fe1562bf}</UniqueIdentifier>
    </Filter>
    <Filter Include="소스 파일\코딩테스트 기초\C lang\Day1">
      <UniqueIdentifier>{3130e844-c4fd-4604-a66b-f588f96f5c2f}</UniqueIdentifier>
    </Filter>
    <Filter Include="소스 파일\코딩테스트 기초\C lang\Day2">
      <UniqueIdentifier>{078544a1-5047-4a0b-a940-19ae2b16f865}</UniqueIdentifier>
    </Filter>
    <Filter Include="소스 파일\코딩테스트 입문\C lang">
      <UniqueIdentifier>{8d123108-2e60-4996-89f8-68835d54b0c8}</UniqueIdentifier>
    </Filter>
    <Filter Include="소스 파일\코딩테스트 입문\C lang\Day2">
      <UniqueIdentifier>{c861cda9-1b90-4201-8932-6971b960142a}</UniqueIdentifier>
    </Filter>
    <Filter Include="소스 파일\코딩테스트 입문\C lang\Day1">
      <UniqueIdentifier>{342e93e9-99da-4cb3-820e-e25a7a058c4b}</UniqueIdentifier>
    </Filter>
    <Filter Include="소스 파일\코딩테스트 기초\C lang\Day3">
      <UniqueIdentifier>{00fa56c6-f8af-4031-a4ea-b1db8658e618}</UniqueIdentifier>
    </Filter>
    <Filter Include="소스 파일\BaekJoon">
      <UniqueIdentifier>{083b3797-2398-41d3-9a46-38071999ab9a}</UniqueIdentifier>
    </Filter>
    <Filter Include="소스 파일\BaekJoon\Level 1">
      <UniqueIdentifier>{45f22294-f090-434b-8fb9-b0f83555296f}</UniqueIdentifier>
    </Filter>
    <Filter Include="소스 파일\BaekJoon\Level 2">
      <UniqueIdentifier>{1494320b-f4ff-4759-beac-e90c1ed67d48}</UniqueIdentifier>
    </Filter>
  </ItemGroup>
  <ItemGroup>
    <ClCompile Include="코딩테스트 기초\C lang\Day 1\a와 b 출력하기.c">
      <Filter>소스 파일\코딩테스트 기초\C lang\Day1</Filter>
    </ClCompile>
    <ClCompile Include="코딩테스트 기초\C lang\Day 1\대소문자 바꿔서 출력하기.c">
      <Filter>소스 파일\코딩테스트 기초\C lang\Day1</Filter>
    </ClCompile>
    <ClCompile Include="코딩테스트 기초\C lang\Day 1\문자열 반복해서 출력하기.c">
      <Filter>소스 파일\코딩테스트 기초\C lang\Day1</Filter>
    </ClCompile>
    <ClCompile Include="코딩테스트 기초\C lang\Day 1\문자열 출력하기.c">
      <Filter>소스 파일\코딩테스트 기초\C lang\Day1</Filter>
    </ClCompile>
    <ClCompile Include="코딩테스트 기초\C lang\Day 1\특수문자 출력하기.c">
      <Filter>소스 파일\코딩테스트 기초\C lang\Day1</Filter>
    </ClCompile>
    <ClCompile Include="코딩테스트 기초\C lang\Day 2\(다시)문자열 겹쳐쓰기.c">
      <Filter>소스 파일\코딩테스트 기초\C lang\Day2</Filter>
    </ClCompile>
    <ClCompile Include="코딩테스트 기초\C lang\Day 2\덧셈식 출력하기.c">
      <Filter>소스 파일\코딩테스트 기초\C lang\Day2</Filter>
    </ClCompile>
    <ClCompile Include="코딩테스트 기초\C lang\Day 2\문자열 돌리기.c">
      <Filter>소스 파일\코딩테스트 기초\C lang\Day2</Filter>
    </ClCompile>
    <ClCompile Include="코딩테스트 기초\C lang\Day 2\문자열 붙여서 출력하기.c">
      <Filter>소스 파일\코딩테스트 기초\C lang\Day2</Filter>
    </ClCompile>
    <ClCompile Include="코딩테스트 기초\C lang\Day 2\홀짝 구분하기.c">
      <Filter>소스 파일\코딩테스트 기초\C lang\Day2</Filter>
    </ClCompile>
    <ClCompile Include="코딩테스트 기초\C lang\Day 3\문자열 섞기.c">
      <Filter>소스 파일\코딩테스트 기초\C lang\Day3</Filter>
    </ClCompile>
    <ClCompile Include="코딩테스트 기초\C lang\기초 기본 세팅 참고용.c">
      <Filter>소스 파일\코딩테스트 기초\C lang</Filter>
    </ClCompile>
    <ClCompile Include="코딩테스트 입문\C lang\Day 1\두 수의 곱.c">
      <Filter>소스 파일\코딩테스트 입문\C lang\Day1</Filter>
    </ClCompile>
    <ClCompile Include="코딩테스트 입문\C lang\Day 1\두 수의 차.c">
      <Filter>소스 파일\코딩테스트 입문\C lang\Day1</Filter>
    </ClCompile>
    <ClCompile Include="코딩테스트 입문\C lang\Day 1\두 수의 합.c">
      <Filter>소스 파일\코딩테스트 입문\C lang\Day1</Filter>
    </ClCompile>
    <ClCompile Include="코딩테스트 입문\C lang\Day 1\몫 구하기.c">
      <Filter>소스 파일\코딩테스트 입문\C lang\Day1</Filter>
    </ClCompile>
    <ClCompile Include="코딩테스트 입문\C lang\Day 2\두 수의 나눗셈.c">
      <Filter>소스 파일\코딩테스트 입문\C lang\Day2</Filter>
    </ClCompile>
    <ClCompile Include="코딩테스트 입문\C lang\Day 2\분수의 덧셈.c">
      <Filter>소스 파일\코딩테스트 입문\C lang\Day2</Filter>
    </ClCompile>
    <ClCompile Include="코딩테스트 입문\C lang\Day 2\숫자 비교하기.c">
      <Filter>소스 파일\코딩테스트 입문\C lang\Day2</Filter>
    </ClCompile>
    <ClCompile Include="BAEKJOON\Level 1\Hello World!.c">
      <Filter>소스 파일\BaekJoon\Level 1</Filter>
    </ClCompile>
    <ClCompile Include="코딩테스트 입문\C lang\입문 기본 세팅 참고용.c">
      <Filter>소스 파일\코딩테스트 입문\C lang</Filter>
    </ClCompile>
    <ClCompile Include="BAEKJOON\Level 1\1000.c">
      <Filter>소스 파일\BaekJoon\Level 1</Filter>
    </ClCompile>
    <ClCompile Include="BAEKJOON\Level 1\1001.c">
      <Filter>소스 파일\BaekJoon\Level 1</Filter>
    </ClCompile>
    <ClCompile Include="BAEKJOON\Level 1\10998.c">
      <Filter>소스 파일\BaekJoon\Level 1</Filter>
    </ClCompile>
    <ClCompile Include="BAEKJOON\Level 1\1008.c">
      <Filter>소스 파일\BaekJoon\Level 1</Filter>
    </ClCompile>
    <ClCompile Include="BAEKJOON\Level 1\10869.c">
      <Filter>소스 파일\BaekJoon\Level 1</Filter>
    </ClCompile>
    <ClCompile Include="BAEKJOON\Level 1\10926.c">
      <Filter>소스 파일\BaekJoon\Level 1</Filter>
    </ClCompile>
    <ClCompile Include="BAEKJOON\Level 1\18108.c">
      <Filter>소스 파일\BaekJoon\Level 1</Filter>
    </ClCompile>
    <ClCompile Include="BAEKJOON\Level 1\10430.c">
      <Filter>소스 파일\BaekJoon\Level 1</Filter>
    </ClCompile>
    <ClCompile Include="BAEKJOON\Level 1\2588.c">
      <Filter>소스 파일\BaekJoon\Level 1</Filter>
    </ClCompile>
    <ClCompile Include="BAEKJOON\Level 1\11382.c">
      <Filter>소스 파일\BaekJoon\Level 1</Filter>
    </ClCompile>
    <ClCompile Include="BAEKJOON\Level 1\10171.c">
      <Filter>소스 파일\BaekJoon\Level 1</Filter>
    </ClCompile>
    <ClCompile Include="BAEKJOON\Level 1\10172.c">
      <Filter>소스 파일\BaekJoon\Level 1</Filter>
    </ClCompile>
    <ClCompile Include="BAEKJOON\Level 2\두 수 비교하기.c">
      <Filter>소스 파일\BaekJoon\Level 2</Filter>
    </ClCompile>
    <ClCompile Include="BAEKJOON\Level 2\시험 성적.c">
      <Filter>소스 파일\BaekJoon\Level 2</Filter>
    </ClCompile>
    <ClCompile Include="BAEKJOON\Level 2\윤년.c">
      <Filter>소스 파일\BaekJoon\Level 2</Filter>
    </ClCompile>
    <ClCompile Include="사분면 고르기.c">
      <Filter>소스 파일\BaekJoon\Level 2</Filter>
    </ClCompile>
    <ClCompile Include="알람 시계.c">
      <Filter>소스 파일\BaekJoon\Level 2</Filter>
    </ClCompile>
  </ItemGroup>
</Project>